
Microsoft Visual Studio Solution File, Format Version 12.00
# Visual Studio Version 17
VisualStudioVersion = 17.3.32825.248
MinimumVisualStudioVersion = 10.0.40219.1
Project("{FAE04EC0-301F-11D3-BF4B-00C04F79EFBC}") = "ATM", "ATM.csproj", "{6DBB31EF-F160-47AD-8690-BFBCF4B59B5D}"
EndProject
Global
	GlobalSection(SolutionConfigurationPlatforms) = preSolution
		Debug|Any CPU = Debug|Any CPU
		Release|Any CPU = Release|Any CPU
	EndGlobalSection
	GlobalSection(ProjectConfigurationPlatforms) = postSolution
		{6DBB31EF-F160-47AD-8690-BFBCF4B59B5D}.Debug|Any CPU.ActiveCfg = Debug|Any CPU
		{6DBB31EF-F160-47AD-8690-BFBCF4B59B5D}.Debug|Any CPU.Build.0 = Debug|Any CPU
		{6DBB31EF-F160-47AD-8690-BFBCF4B59B5D}.Release|Any CPU.ActiveCfg = Release|Any CPU
		{6DBB31EF-F160-47AD-8690-BFBCF4B59B5D}.Release|Any CPU.Build.0 = Release|Any CPU
	EndGlobalSection
	GlobalSection(SolutionProperties) = preSolution
		HideSolutionNode = FALSE
	EndGlobalSection
	GlobalSection(ExtensibilityGlobals) = postSolution
		SolutionGuid = {E9CFE742-C9EF-43C6-B559-ADCA24329B1A}
	EndGlobalSection
EndGlobal
